# THIS IS AN AUTOGENERATED FILE. DO NOT EDIT THIS FILE DIRECTLY.
# yarn lockfile v1


"@types/lodash.merge@^4.6.6":
  version "4.6.6"
  resolved "http://npm.taimei.com:80/@types%2flodash.merge/-/lodash.merge-4.6.6.tgz#b84b403c1d31bc42d51772d1cd5557fa008cd3d6"
  integrity sha1-uEtAPB0xvELVF3LRzVVX+gCM09Y=
  dependencies:
    "@types/lodash" "*"

"@types/lodash@*":
  version "4.14.135"
  resolved "http://npm.taimei.com:80/@types%2flodash/-/lodash-4.14.135.tgz#d2607c35dd68f70c2b35ba020c667493dedd8447"
  integrity sha1-0mB8Nd1o9wwrNboCDGZ0k97dhEc=

axios@^0.21.1:
  version "0.21.1"
  resolved "https://registry.yarnpkg.com/axios/-/axios-0.21.1.tgz#22563481962f4d6bde9a76d516ef0e5d3c09b2b8"
  integrity sha512-dKQiRHxGD9PPRIUNIWvZhPTPpl1rf/OxTYKsqKUDjBwYylTvV7SjSHJb9ratfyzM6wCdLCOYLzs73qpg5c4iGA==
  dependencies:
    follow-redirects "^1.10.0"

follow-redirects@^1.10.0:
  version "1.13.1"
  resolved "https://registry.yarnpkg.com/follow-redirects/-/follow-redirects-1.13.1.tgz#5f69b813376cee4fd0474a3aba835df04ab763b7"
  integrity sha512-SSG5xmZh1mkPGyKzjZP8zLjltIfpW32Y5QpdNJyjcfGxK3qo3NDDkZOZSFiGn1A6SclQxY9GzEwAHQ3dmYRWpg==

prettier@^1.18.2:
  version "1.18.2"
  resolved "https://registry.npm.taobao.org/prettier/download/prettier-1.18.2.tgz#6823e7c5900017b4bd3acf46fe9ac4b4d7bda9ea"
  integrity sha1-aCPnxZAAF7S9Os9G/prEtNe9qeo=

typescript@^3.0.1:
  version "3.5.2"
  resolved "https://registry.npm.taobao.org/typescript/download/typescript-3.5.2.tgz#a09e1dc69bc9551cadf17dba10ee42cf55e5d56c"
  integrity sha1-oJ4dxpvJVRyt8X26EO5Cz1Xl1Ww=
